
Microsoft Visual Studio Solution File, Format Version 12.00
# Visual Studio Version 17
VisualStudioVersion = 17.1.32319.34
MinimumVisualStudioVersion = 10.0.40219.1
Project("{FAE04EC0-301F-11D3-BF4B-00C04F79EFBC}") = "Crud.PL", "Crud.PL\Crud.PL.csproj", "{622B8B48-F426-4EB3-94FF-F5A86E817655}"
EndProject
Project("{FAE04EC0-301F-11D3-BF4B-00C04F79EFBC}") = "Crud.DAL", "Crud.DAL\Crud.DAL.csproj", "{5A583CDE-3471-4BE5-B891-0CFF08441E67}"
EndProject
Project("{FAE04EC0-301F-11D3-BF4B-00C04F79EFBC}") = "Crud.BL", "Crud.BL\Crud.BL.csproj", "{D85F7A83-9AA6-43AC-B3C5-477928DAA240}"
EndProject
Global
	GlobalSection(SolutionConfigurationPlatforms) = preSolution
		Debug|Any CPU = Debug|Any CPU
		Release|Any CPU = Release|Any CPU
	EndGlobalSection
	GlobalSection(ProjectConfigurationPlatforms) = postSolution
		{622B8B48-F426-4EB3-94FF-F5A86E817655}.Debug|Any CPU.ActiveCfg = Debug|Any CPU
		{622B8B48-F426-4EB3-94FF-F5A86E817655}.Debug|Any CPU.Build.0 = Debug|Any CPU
		{622B8B48-F426-4EB3-94FF-F5A86E817655}.Release|Any CPU.ActiveCfg = Release|Any CPU
		{622B8B48-F426-4EB3-94FF-F5A86E817655}.Release|Any CPU.Build.0 = Release|Any CPU
		{5A583CDE-3471-4BE5-B891-0CFF08441E67}.Debug|Any CPU.ActiveCfg = Debug|Any CPU
		{5A583CDE-3471-4BE5-B891-0CFF08441E67}.Debug|Any CPU.Build.0 = Debug|Any CPU
		{5A583CDE-3471-4BE5-B891-0CFF08441E67}.Release|Any CPU.ActiveCfg = Release|Any CPU
		{5A583CDE-3471-4BE5-B891-0CFF08441E67}.Release|Any CPU.Build.0 = Release|Any CPU
		{D85F7A83-9AA6-43AC-B3C5-477928DAA240}.Debug|Any CPU.ActiveCfg = Debug|Any CPU
		{D85F7A83-9AA6-43AC-B3C5-477928DAA240}.Debug|Any CPU.Build.0 = Debug|Any CPU
		{D85F7A83-9AA6-43AC-B3C5-477928DAA240}.Release|Any CPU.ActiveCfg = Release|Any CPU
		{D85F7A83-9AA6-43AC-B3C5-477928DAA240}.Release|Any CPU.Build.0 = Release|Any CPU
	EndGlobalSection
	GlobalSection(SolutionProperties) = preSolution
		HideSolutionNode = FALSE
	EndGlobalSection
	GlobalSection(ExtensibilityGlobals) = postSolution
		SolutionGuid = {A96F3D5A-5E30-4137-8D88-6BD31858E710}
	EndGlobalSection
EndGlobal
